
Microsoft Visual Studio Solution File, Format Version 12.00
# Visual Studio 2013
VisualStudioVersion = 12.0.21005.1
MinimumVisualStudioVersion = 10.0.40219.1
Project("{2150E333-8FDC-42A3-9474-1A3956D46DE8}") = "Presentation", "Presentation", "{43061A3B-D3DD-48AF-8898-4134C658EB46}"
EndProject
Project("{FAE04EC0-301F-11D3-BF4B-00C04F79EFBC}") = "Nop.Web", "Nop.Web\Nop.Web.csproj", "{65CE65F2-A0A9-4F86-85E7-0AD1A3C0B3C8}"
EndProject
Project("{2150E333-8FDC-42A3-9474-1A3956D46DE8}") = "Libraries", "Libraries", "{90D5CEB7-17DA-4CFA-828A-F3055C676B2F}"
EndProject
Global
	GlobalSection(SolutionConfigurationPlatforms) = preSolution
		Debug|Any CPU = Debug|Any CPU
		Release|Any CPU = Release|Any CPU
	EndGlobalSection
	GlobalSection(ProjectConfigurationPlatforms) = postSolution
		{65CE65F2-A0A9-4F86-85E7-0AD1A3C0B3C8}.Debug|Any CPU.ActiveCfg = Debug|Any CPU
		{65CE65F2-A0A9-4F86-85E7-0AD1A3C0B3C8}.Debug|Any CPU.Build.0 = Debug|Any CPU
		{65CE65F2-A0A9-4F86-85E7-0AD1A3C0B3C8}.Release|Any CPU.ActiveCfg = Release|Any CPU
		{65CE65F2-A0A9-4F86-85E7-0AD1A3C0B3C8}.Release|Any CPU.Build.0 = Release|Any CPU
	EndGlobalSection
	GlobalSection(SolutionProperties) = preSolution
		HideSolutionNode = FALSE
	EndGlobalSection
	GlobalSection(NestedProjects) = preSolution
		{65CE65F2-A0A9-4F86-85E7-0AD1A3C0B3C8} = {43061A3B-D3DD-48AF-8898-4134C658EB46}
	EndGlobalSection
EndGlobal
